
Microsoft Visual Studio Solution File, Format Version 11.00
# Visual Studio 2010
Project("{8BC9CEB8-8B4A-11D0-8D11-00A0C91BC942}") = "libqrencode", "libqrencode.vcxproj", "{8A6C6FBE-5B65-4B74-9012-AB5BA6CA959F}"
EndProject
Global
	GlobalSection(SolutionConfigurationPlatforms) = preSolution
		Debug|Win32 = Debug|Win32
		Release|Win32 = Release|Win32
	EndGlobalSection
	GlobalSection(ProjectConfigurationPlatforms) = postSolution
		{8A6C6FBE-5B65-4B74-9012-AB5BA6CA959F}.Debug|Win32.ActiveCfg = Debug|Win32
		{8A6C6FBE-5B65-4B74-9012-AB5BA6CA959F}.Debug|Win32.Build.0 = Debug|Win32
		{8A6C6FBE-5B65-4B74-9012-AB5BA6CA959F}.Release|Win32.ActiveCfg = Release|Win32
		{8A6C6FBE-5B65-4B74-9012-AB5BA6CA959F}.Release|Win32.Build.0 = Release|Win32
	EndGlobalSection
	GlobalSection(SolutionProperties) = preSolution
		HideSolutionNode = FALSE
	EndGlobalSection
EndGlobal
